{
  "lockfileVersion": 1,
  "workspaces": {
    "": {
      "name": "agentparty-mini",
    },
    "shared": {
      "name": "@agentparty-mini/shared",
      "version": "0.1.0",
      "devDependencies": {
        "typescript": "^5.9.0",
      },
    },
    "worker": {
      "name": "@agentparty-mini/worker",
    },
  },
  "packages": {
    "@agentparty-mini/shared": ["@agentparty-mini/shared@workspace:shared"],

    "@agentparty-mini/worker": ["@agentparty-mini/worker@workspace:worker"],

    "typescript": ["typescript@5.9.3", "https://packages.aliyun.com/628f1d4ca61bf880d4ca674a/npm/npm-registry/typescript/-/typescript-5.9.3.tgz", { "bin": { "tsc": "bin/tsc", "tsserver": "bin/tsserver" } }, "sha512-jl1vZzPDinLr9eUt3J/t7V6FgNEw9QjvBPdysz9KfQDD41fQrC2Y4vKQdiaUpFT4bXlb1RHhLpp8wtm6M5TgSw=="],
  }
}
